
Microsoft Visual Studio Solution File, Format Version 12.00
# Visual Studio 15
Project("{FAE04EC0-301F-11D3-BF4B-00C04F79EFBC}") = "ABC086A_Product", "ABC086A_Product\ABC086A_Product.csproj", "{E49CE0AE-88FC-48F3-9C2E-D313F27918D3}"
EndProject
Project("{FAE04EC0-301F-11D3-BF4B-00C04F79EFBC}") = "ABC081A_PlacingMarbles", "ABC081A_PlacingMarbles\ABC081A_PlacingMarbles.csproj", "{4EFB9D7A-F634-4791-BAE1-63E0B1A68790}"
EndProject
Project("{FAE04EC0-301F-11D3-BF4B-00C04F79EFBC}") = "ABC081B_ShiftOnly", "ABC081B_ShiftOnly\ABC081B_ShiftOnly.csproj", "{4758F93B-6C27-44D8-A868-83E605902B36}"
EndProject
Project("{2150E333-8FDC-42A3-9474-1A3956D46DE8}") = "Solution Items", "Solution Items", "{0E01EEFE-3547-41C6-9907-EC59226DDA83}"
	ProjectSection(SolutionItems) = preProject
		README.md = README.md
	EndProjectSection
EndProject
Global
	GlobalSection(SolutionConfigurationPlatforms) = preSolution
		Debug|anycpu = Debug|anycpu
		Release|anycpu = Release|anycpu
	EndGlobalSection
	GlobalSection(ProjectConfigurationPlatforms) = postSolution
		{E49CE0AE-88FC-48F3-9C2E-D313F27918D3}.Debug|anycpu.ActiveCfg = Debug|anycpu
		{E49CE0AE-88FC-48F3-9C2E-D313F27918D3}.Debug|anycpu.Build.0 = Debug|anycpu
		{E49CE0AE-88FC-48F3-9C2E-D313F27918D3}.Release|anycpu.ActiveCfg = Release|anycpu
		{E49CE0AE-88FC-48F3-9C2E-D313F27918D3}.Release|anycpu.Build.0 = Release|anycpu
		{4EFB9D7A-F634-4791-BAE1-63E0B1A68790}.Debug|anycpu.ActiveCfg = Debug|anycpu
		{4EFB9D7A-F634-4791-BAE1-63E0B1A68790}.Debug|anycpu.Build.0 = Debug|anycpu
		{4EFB9D7A-F634-4791-BAE1-63E0B1A68790}.Release|anycpu.ActiveCfg = Release|anycpu
		{4EFB9D7A-F634-4791-BAE1-63E0B1A68790}.Release|anycpu.Build.0 = Release|anycpu
		{4758F93B-6C27-44D8-A868-83E605902B36}.Debug|anycpu.ActiveCfg = Debug|anycpu
		{4758F93B-6C27-44D8-A868-83E605902B36}.Debug|anycpu.Build.0 = Debug|anycpu
		{4758F93B-6C27-44D8-A868-83E605902B36}.Release|anycpu.ActiveCfg = Release|anycpu
		{4758F93B-6C27-44D8-A868-83E605902B36}.Release|anycpu.Build.0 = Release|anycpu
	EndGlobalSection
EndGlobal
